
Microsoft Visual Studio Solution File, Format Version 12.00
# Visual Studio 15
VisualStudioVersion = 15.0.27004.2005
MinimumVisualStudioVersion = 10.0.40219.1
Project("{888888A0-9F3D-457C-B088-3A5042F75D52}") = "CreditCard", "CreditCard\CreditCard.pyproj", "{A58610B8-033C-4E33-80FA-AA25C77B29D5}"
EndProject
Global
	GlobalSection(SolutionConfigurationPlatforms) = preSolution
		Debug|Any CPU = Debug|Any CPU
		Release|Any CPU = Release|Any CPU
	EndGlobalSection
	GlobalSection(ProjectConfigurationPlatforms) = postSolution
		{A58610B8-033C-4E33-80FA-AA25C77B29D5}.Debug|Any CPU.ActiveCfg = Debug|Any CPU
		{A58610B8-033C-4E33-80FA-AA25C77B29D5}.Release|Any CPU.ActiveCfg = Release|Any CPU
	EndGlobalSection
	GlobalSection(SolutionProperties) = preSolution
		HideSolutionNode = FALSE
	EndGlobalSection
	GlobalSection(ExtensibilityGlobals) = postSolution
		SolutionGuid = {8292EA78-1D4E-4AE2-B1B1-97711252F5A3}
	EndGlobalSection
EndGlobal
