
Microsoft Visual Studio Solution File, Format Version 12.00
# Visual Studio 15
VisualStudioVersion = 15.0.26730.16
MinimumVisualStudioVersion = 10.0.40219.1
Project("{888888A0-9F3D-457C-B088-3A5042F75D52}") = "calculate_amount_vowel_in_string", "calculate_amount_vowel_in_string\calculate_amount_vowel_in_string.pyproj", "{4683D038-5B9F-4E63-A4A7-2C3475B21378}"
EndProject
Global
	GlobalSection(SolutionConfigurationPlatforms) = preSolution
		Debug|Any CPU = Debug|Any CPU
		Release|Any CPU = Release|Any CPU
	EndGlobalSection
	GlobalSection(ProjectConfigurationPlatforms) = postSolution
		{4683D038-5B9F-4E63-A4A7-2C3475B21378}.Debug|Any CPU.ActiveCfg = Debug|Any CPU
		{4683D038-5B9F-4E63-A4A7-2C3475B21378}.Release|Any CPU.ActiveCfg = Release|Any CPU
	EndGlobalSection
	GlobalSection(SolutionProperties) = preSolution
		HideSolutionNode = FALSE
	EndGlobalSection
	GlobalSection(ExtensibilityGlobals) = postSolution
		SolutionGuid = {BCF1BE5A-199B-4D90-9CC5-0D9B01C0B6B1}
	EndGlobalSection
EndGlobal
