
Microsoft Visual Studio Solution File, Format Version 12.00
# Visual Studio 15
VisualStudioVersion = 15.0.26730.16
MinimumVisualStudioVersion = 10.0.40219.1
Project("{888888A0-9F3D-457C-B088-3A5042F75D52}") = "cesaro_triangulo", "cesaro_triangulo\cesaro_triangulo.pyproj", "{77B06EC0-B02C-490F-B3CF-4AE83CFB3E42}"
EndProject
Global
	GlobalSection(SolutionConfigurationPlatforms) = preSolution
		Debug|Any CPU = Debug|Any CPU
		Release|Any CPU = Release|Any CPU
	EndGlobalSection
	GlobalSection(ProjectConfigurationPlatforms) = postSolution
		{77B06EC0-B02C-490F-B3CF-4AE83CFB3E42}.Debug|Any CPU.ActiveCfg = Debug|Any CPU
		{77B06EC0-B02C-490F-B3CF-4AE83CFB3E42}.Release|Any CPU.ActiveCfg = Release|Any CPU
	EndGlobalSection
	GlobalSection(SolutionProperties) = preSolution
		HideSolutionNode = FALSE
	EndGlobalSection
	GlobalSection(ExtensibilityGlobals) = postSolution
		SolutionGuid = {C1EA1A71-FE67-46EA-8C00-5ACCB3575C80}
	EndGlobalSection
EndGlobal
