
Microsoft Visual Studio Solution File, Format Version 12.00
# Visual Studio 15
VisualStudioVersion = 15.0.26730.16
MinimumVisualStudioVersion = 10.0.40219.1
Project("{888888A0-9F3D-457C-B088-3A5042F75D52}") = "cesaro", "cesaro\cesaro.pyproj", "{DBF70066-7A5E-4835-A348-8E63CE3234E2}"
EndProject
Global
	GlobalSection(SolutionConfigurationPlatforms) = preSolution
		Debug|Any CPU = Debug|Any CPU
		Release|Any CPU = Release|Any CPU
	EndGlobalSection
	GlobalSection(ProjectConfigurationPlatforms) = postSolution
		{DBF70066-7A5E-4835-A348-8E63CE3234E2}.Debug|Any CPU.ActiveCfg = Debug|Any CPU
		{DBF70066-7A5E-4835-A348-8E63CE3234E2}.Release|Any CPU.ActiveCfg = Release|Any CPU
	EndGlobalSection
	GlobalSection(SolutionProperties) = preSolution
		HideSolutionNode = FALSE
	EndGlobalSection
	GlobalSection(ExtensibilityGlobals) = postSolution
		SolutionGuid = {3AD541A0-A28E-4110-8B33-9A44DC75C8F4}
	EndGlobalSection
EndGlobal
