
Microsoft Visual Studio Solution File, Format Version 12.00
# Visual Studio 15
VisualStudioVersion = 15.0.26730.16
MinimumVisualStudioVersion = 10.0.40219.1
Project("{888888A0-9F3D-457C-B088-3A5042F75D52}") = "difference_of_gaussians", "difference_of_gaussians\difference_of_gaussians.pyproj", "{DAD6EDFF-E8B3-4639-B5F7-71257CA5BC59}"
EndProject
Global
	GlobalSection(SolutionConfigurationPlatforms) = preSolution
		Debug|Any CPU = Debug|Any CPU
		Release|Any CPU = Release|Any CPU
	EndGlobalSection
	GlobalSection(ProjectConfigurationPlatforms) = postSolution
		{DAD6EDFF-E8B3-4639-B5F7-71257CA5BC59}.Debug|Any CPU.ActiveCfg = Debug|Any CPU
		{DAD6EDFF-E8B3-4639-B5F7-71257CA5BC59}.Release|Any CPU.ActiveCfg = Release|Any CPU
	EndGlobalSection
	GlobalSection(SolutionProperties) = preSolution
		HideSolutionNode = FALSE
	EndGlobalSection
	GlobalSection(ExtensibilityGlobals) = postSolution
		SolutionGuid = {F2EB4292-D843-494D-B01B-BF2343226B67}
	EndGlobalSection
EndGlobal
