
Microsoft Visual Studio Solution File, Format Version 12.00
# Visual Studio 15
VisualStudioVersion = 15.0.26730.16
MinimumVisualStudioVersion = 10.0.40219.1
Project("{888888A0-9F3D-457C-B088-3A5042F75D52}") = "plotexample", "plotexample\plotexample.pyproj", "{332B8FFC-9016-4847-82E0-421932A6A63F}"
EndProject
Global
	GlobalSection(SolutionConfigurationPlatforms) = preSolution
		Debug|Any CPU = Debug|Any CPU
		Release|Any CPU = Release|Any CPU
	EndGlobalSection
	GlobalSection(ProjectConfigurationPlatforms) = postSolution
		{332B8FFC-9016-4847-82E0-421932A6A63F}.Debug|Any CPU.ActiveCfg = Debug|Any CPU
		{332B8FFC-9016-4847-82E0-421932A6A63F}.Release|Any CPU.ActiveCfg = Release|Any CPU
	EndGlobalSection
	GlobalSection(SolutionProperties) = preSolution
		HideSolutionNode = FALSE
	EndGlobalSection
	GlobalSection(ExtensibilityGlobals) = postSolution
		SolutionGuid = {705F5293-6571-4D06-A4F8-8B505A3E3E5A}
	EndGlobalSection
EndGlobal
