
Microsoft Visual Studio Solution File, Format Version 12.00
# Visual Studio 15
VisualStudioVersion = 15.0.26730.16
MinimumVisualStudioVersion = 10.0.40219.1
Project("{888888A0-9F3D-457C-B088-3A5042F75D52}") = "array", "array\array.pyproj", "{CBE67148-C40C-4A59-B65D-89CFEAC21DBD}"
EndProject
Global
	GlobalSection(SolutionConfigurationPlatforms) = preSolution
		Debug|Any CPU = Debug|Any CPU
		Release|Any CPU = Release|Any CPU
	EndGlobalSection
	GlobalSection(ProjectConfigurationPlatforms) = postSolution
		{CBE67148-C40C-4A59-B65D-89CFEAC21DBD}.Debug|Any CPU.ActiveCfg = Debug|Any CPU
		{CBE67148-C40C-4A59-B65D-89CFEAC21DBD}.Release|Any CPU.ActiveCfg = Release|Any CPU
	EndGlobalSection
	GlobalSection(SolutionProperties) = preSolution
		HideSolutionNode = FALSE
	EndGlobalSection
	GlobalSection(ExtensibilityGlobals) = postSolution
		SolutionGuid = {6EBA9A28-298F-4CB6-A393-73E8DBEE3E35}
	EndGlobalSection
EndGlobal
