
Microsoft Visual Studio Solution File, Format Version 12.00
# Visual Studio 15
VisualStudioVersion = 15.0.26730.16
MinimumVisualStudioVersion = 10.0.40219.1
Project("{888888A0-9F3D-457C-B088-3A5042F75D52}") = "poly", "poly\poly.pyproj", "{877360FE-52B5-438E-92E7-7D2D5A863285}"
EndProject
Global
	GlobalSection(SolutionConfigurationPlatforms) = preSolution
		Debug|Any CPU = Debug|Any CPU
		Release|Any CPU = Release|Any CPU
	EndGlobalSection
	GlobalSection(ProjectConfigurationPlatforms) = postSolution
		{877360FE-52B5-438E-92E7-7D2D5A863285}.Debug|Any CPU.ActiveCfg = Debug|Any CPU
		{877360FE-52B5-438E-92E7-7D2D5A863285}.Release|Any CPU.ActiveCfg = Release|Any CPU
	EndGlobalSection
	GlobalSection(SolutionProperties) = preSolution
		HideSolutionNode = FALSE
	EndGlobalSection
	GlobalSection(ExtensibilityGlobals) = postSolution
		SolutionGuid = {A9D0AF66-D0D1-4FC9-8A1D-3BDC61BCCCFF}
	EndGlobalSection
EndGlobal
