
Microsoft Visual Studio Solution File, Format Version 12.00
# Visual Studio 15
VisualStudioVersion = 15.0.26730.16
MinimumVisualStudioVersion = 10.0.40219.1
Project("{888888A0-9F3D-457C-B088-3A5042F75D52}") = "happy_birthday", "happy_birthday\happy_birthday.pyproj", "{D12EB02A-A315-4689-8B95-D95B784E5982}"
EndProject
Global
	GlobalSection(SolutionConfigurationPlatforms) = preSolution
		Debug|Any CPU = Debug|Any CPU
		Release|Any CPU = Release|Any CPU
	EndGlobalSection
	GlobalSection(ProjectConfigurationPlatforms) = postSolution
		{D12EB02A-A315-4689-8B95-D95B784E5982}.Debug|Any CPU.ActiveCfg = Debug|Any CPU
		{D12EB02A-A315-4689-8B95-D95B784E5982}.Release|Any CPU.ActiveCfg = Release|Any CPU
	EndGlobalSection
	GlobalSection(SolutionProperties) = preSolution
		HideSolutionNode = FALSE
	EndGlobalSection
	GlobalSection(ExtensibilityGlobals) = postSolution
		SolutionGuid = {E99BEBCA-58C0-4004-A0DA-36EF600D32BC}
	EndGlobalSection
EndGlobal
