
Microsoft Visual Studio Solution File, Format Version 12.00
# Visual Studio 15
VisualStudioVersion = 15.0.26730.16
MinimumVisualStudioVersion = 10.0.40219.1
Project("{888888A0-9F3D-457C-B088-3A5042F75D52}") = "cesaro_cuadrado", "cesaro_cuadrado\cesaro_cuadrado.pyproj", "{23F576E4-8CAE-4058-B132-D4EF58481149}"
EndProject
Global
	GlobalSection(SolutionConfigurationPlatforms) = preSolution
		Debug|Any CPU = Debug|Any CPU
		Release|Any CPU = Release|Any CPU
	EndGlobalSection
	GlobalSection(ProjectConfigurationPlatforms) = postSolution
		{23F576E4-8CAE-4058-B132-D4EF58481149}.Debug|Any CPU.ActiveCfg = Debug|Any CPU
		{23F576E4-8CAE-4058-B132-D4EF58481149}.Release|Any CPU.ActiveCfg = Release|Any CPU
	EndGlobalSection
	GlobalSection(SolutionProperties) = preSolution
		HideSolutionNode = FALSE
	EndGlobalSection
	GlobalSection(ExtensibilityGlobals) = postSolution
		SolutionGuid = {C60B81A1-E74B-4181-B952-B940832B0D5D}
	EndGlobalSection
EndGlobal
