
Microsoft Visual Studio Solution File, Format Version 12.00
# Visual Studio 15
VisualStudioVersion = 15.0.26730.16
MinimumVisualStudioVersion = 10.0.40219.1
Project("{888888A0-9F3D-457C-B088-3A5042F75D52}") = "consecutive_N_numbers", "consecutive_N_numbers\consecutive_N_numbers.pyproj", "{C852315A-41F9-4B94-A93F-8ECB794E2452}"
EndProject
Global
	GlobalSection(SolutionConfigurationPlatforms) = preSolution
		Debug|Any CPU = Debug|Any CPU
		Release|Any CPU = Release|Any CPU
	EndGlobalSection
	GlobalSection(ProjectConfigurationPlatforms) = postSolution
		{C852315A-41F9-4B94-A93F-8ECB794E2452}.Debug|Any CPU.ActiveCfg = Debug|Any CPU
		{C852315A-41F9-4B94-A93F-8ECB794E2452}.Release|Any CPU.ActiveCfg = Release|Any CPU
	EndGlobalSection
	GlobalSection(SolutionProperties) = preSolution
		HideSolutionNode = FALSE
	EndGlobalSection
	GlobalSection(ExtensibilityGlobals) = postSolution
		SolutionGuid = {44D32AB4-DE83-4EC3-A9EC-51E3340F1B65}
	EndGlobalSection
EndGlobal
