
Microsoft Visual Studio Solution File, Format Version 12.00
# Visual Studio 15
VisualStudioVersion = 15.0.26730.16
MinimumVisualStudioVersion = 10.0.40219.1
Project("{888888A0-9F3D-457C-B088-3A5042F75D52}") = "star_snowflake_news", "star_snowflake_news\star_snowflake_news.pyproj", "{1A9AAF25-E2D7-4845-B62A-7E6CE3A099F6}"
EndProject
Global
	GlobalSection(SolutionConfigurationPlatforms) = preSolution
		Debug|Any CPU = Debug|Any CPU
		Release|Any CPU = Release|Any CPU
	EndGlobalSection
	GlobalSection(ProjectConfigurationPlatforms) = postSolution
		{1A9AAF25-E2D7-4845-B62A-7E6CE3A099F6}.Debug|Any CPU.ActiveCfg = Debug|Any CPU
		{1A9AAF25-E2D7-4845-B62A-7E6CE3A099F6}.Release|Any CPU.ActiveCfg = Release|Any CPU
	EndGlobalSection
	GlobalSection(SolutionProperties) = preSolution
		HideSolutionNode = FALSE
	EndGlobalSection
	GlobalSection(ExtensibilityGlobals) = postSolution
		SolutionGuid = {0E846076-33E5-4EE2-A149-15EC05AF3680}
	EndGlobalSection
EndGlobal
