
Microsoft Visual Studio Solution File, Format Version 12.00
# Visual Studio 15
VisualStudioVersion = 15.0.26730.16
MinimumVisualStudioVersion = 10.0.40219.1
Project("{888888A0-9F3D-457C-B088-3A5042F75D52}") = "parent_class", "parent_class\parent_class.pyproj", "{36A14749-9347-4ECB-A490-DE1A96B0AA24}"
EndProject
Global
	GlobalSection(SolutionConfigurationPlatforms) = preSolution
		Debug|Any CPU = Debug|Any CPU
		Release|Any CPU = Release|Any CPU
	EndGlobalSection
	GlobalSection(ProjectConfigurationPlatforms) = postSolution
		{36A14749-9347-4ECB-A490-DE1A96B0AA24}.Debug|Any CPU.ActiveCfg = Debug|Any CPU
		{36A14749-9347-4ECB-A490-DE1A96B0AA24}.Release|Any CPU.ActiveCfg = Release|Any CPU
	EndGlobalSection
	GlobalSection(SolutionProperties) = preSolution
		HideSolutionNode = FALSE
	EndGlobalSection
	GlobalSection(ExtensibilityGlobals) = postSolution
		SolutionGuid = {C6B38314-E44B-4A78-A9DD-B7148026486E}
	EndGlobalSection
EndGlobal
