
Microsoft Visual Studio Solution File, Format Version 12.00
# Visual Studio 15
VisualStudioVersion = 15.0.26730.16
MinimumVisualStudioVersion = 10.0.40219.1
Project("{888888A0-9F3D-457C-B088-3A5042F75D52}") = "fibonacci", "fibonacci\fibonacci.pyproj", "{6DA77BB6-AE24-4C1A-A804-0E0E1EB080C4}"
EndProject
Global
	GlobalSection(SolutionConfigurationPlatforms) = preSolution
		Debug|Any CPU = Debug|Any CPU
		Release|Any CPU = Release|Any CPU
	EndGlobalSection
	GlobalSection(ProjectConfigurationPlatforms) = postSolution
		{6DA77BB6-AE24-4C1A-A804-0E0E1EB080C4}.Debug|Any CPU.ActiveCfg = Debug|Any CPU
		{6DA77BB6-AE24-4C1A-A804-0E0E1EB080C4}.Release|Any CPU.ActiveCfg = Release|Any CPU
	EndGlobalSection
	GlobalSection(SolutionProperties) = preSolution
		HideSolutionNode = FALSE
	EndGlobalSection
	GlobalSection(ExtensibilityGlobals) = postSolution
		SolutionGuid = {B4750FB7-31C1-4115-8A38-C489D640E2D7}
	EndGlobalSection
EndGlobal
