
Microsoft Visual Studio Solution File, Format Version 12.00
# Visual Studio 15
VisualStudioVersion = 15.0.26730.16
MinimumVisualStudioVersion = 10.0.40219.1
Project("{888888A0-9F3D-457C-B088-3A5042F75D52}") = "2to3", "2to3\2to3.pyproj", "{8D26B989-8B17-473D-B0CF-169B1C42EFD6}"
EndProject
Global
	GlobalSection(SolutionConfigurationPlatforms) = preSolution
		Debug|Any CPU = Debug|Any CPU
		Release|Any CPU = Release|Any CPU
	EndGlobalSection
	GlobalSection(ProjectConfigurationPlatforms) = postSolution
		{8D26B989-8B17-473D-B0CF-169B1C42EFD6}.Debug|Any CPU.ActiveCfg = Debug|Any CPU
		{8D26B989-8B17-473D-B0CF-169B1C42EFD6}.Release|Any CPU.ActiveCfg = Release|Any CPU
	EndGlobalSection
	GlobalSection(SolutionProperties) = preSolution
		HideSolutionNode = FALSE
	EndGlobalSection
	GlobalSection(ExtensibilityGlobals) = postSolution
		SolutionGuid = {02F48697-55EF-46AA-85B0-02BF7B781D50}
	EndGlobalSection
EndGlobal
