
Microsoft Visual Studio Solution File, Format Version 12.00
# Visual Studio 15
VisualStudioVersion = 15.0.26730.16
MinimumVisualStudioVersion = 10.0.40219.1
Project("{888888A0-9F3D-457C-B088-3A5042F75D52}") = "sustitution", "sustitution\sustitution.pyproj", "{AB64ACBB-BBCD-448D-8868-2C3E704A6616}"
EndProject
Global
	GlobalSection(SolutionConfigurationPlatforms) = preSolution
		Debug|Any CPU = Debug|Any CPU
		Release|Any CPU = Release|Any CPU
	EndGlobalSection
	GlobalSection(ProjectConfigurationPlatforms) = postSolution
		{AB64ACBB-BBCD-448D-8868-2C3E704A6616}.Debug|Any CPU.ActiveCfg = Debug|Any CPU
		{AB64ACBB-BBCD-448D-8868-2C3E704A6616}.Release|Any CPU.ActiveCfg = Release|Any CPU
	EndGlobalSection
	GlobalSection(SolutionProperties) = preSolution
		HideSolutionNode = FALSE
	EndGlobalSection
	GlobalSection(ExtensibilityGlobals) = postSolution
		SolutionGuid = {73AF7E52-56DC-46BA-90DD-B981545B2525}
	EndGlobalSection
EndGlobal
