
Microsoft Visual Studio Solution File, Format Version 12.00
# Visual Studio 15
VisualStudioVersion = 15.0.26730.16
MinimumVisualStudioVersion = 10.0.40219.1
Project("{888888A0-9F3D-457C-B088-3A5042F75D52}") = "scipy", "scipy\scipy.pyproj", "{B40AA6C6-4C7D-44C7-9D57-D78B3E8FD1B3}"
EndProject
Global
	GlobalSection(SolutionConfigurationPlatforms) = preSolution
		Debug|Any CPU = Debug|Any CPU
		Release|Any CPU = Release|Any CPU
	EndGlobalSection
	GlobalSection(ProjectConfigurationPlatforms) = postSolution
		{B40AA6C6-4C7D-44C7-9D57-D78B3E8FD1B3}.Debug|Any CPU.ActiveCfg = Debug|Any CPU
		{B40AA6C6-4C7D-44C7-9D57-D78B3E8FD1B3}.Release|Any CPU.ActiveCfg = Release|Any CPU
	EndGlobalSection
	GlobalSection(SolutionProperties) = preSolution
		HideSolutionNode = FALSE
	EndGlobalSection
	GlobalSection(ExtensibilityGlobals) = postSolution
		SolutionGuid = {04D99045-94E8-4A0D-BF06-AEFA0918D057}
	EndGlobalSection
EndGlobal
