
Microsoft Visual Studio Solution File, Format Version 12.00
# Visual Studio 15
VisualStudioVersion = 15.0.26730.16
MinimumVisualStudioVersion = 10.0.40219.1
Project("{888888A0-9F3D-457C-B088-3A5042F75D52}") = "mitsubishi", "mitsubishi\mitsubishi.pyproj", "{A30F213B-B0D1-4564-9FFC-FEAEA57CE11E}"
EndProject
Global
	GlobalSection(SolutionConfigurationPlatforms) = preSolution
		Debug|Any CPU = Debug|Any CPU
		Release|Any CPU = Release|Any CPU
	EndGlobalSection
	GlobalSection(ProjectConfigurationPlatforms) = postSolution
		{A30F213B-B0D1-4564-9FFC-FEAEA57CE11E}.Debug|Any CPU.ActiveCfg = Debug|Any CPU
		{A30F213B-B0D1-4564-9FFC-FEAEA57CE11E}.Release|Any CPU.ActiveCfg = Release|Any CPU
	EndGlobalSection
	GlobalSection(SolutionProperties) = preSolution
		HideSolutionNode = FALSE
	EndGlobalSection
	GlobalSection(ExtensibilityGlobals) = postSolution
		SolutionGuid = {02D8A3D3-2483-408F-B460-6CC7C2E06931}
	EndGlobalSection
EndGlobal
