
Microsoft Visual Studio Solution File, Format Version 12.00
# Visual Studio 15
VisualStudioVersion = 15.0.26730.16
MinimumVisualStudioVersion = 10.0.40219.1
Project("{888888A0-9F3D-457C-B088-3A5042F75D52}") = "plotobject", "plotobject\plotobject.pyproj", "{61D4A99F-7DF0-4B10-B2F8-DF5F2F246ACB}"
EndProject
Global
	GlobalSection(SolutionConfigurationPlatforms) = preSolution
		Debug|Any CPU = Debug|Any CPU
		Release|Any CPU = Release|Any CPU
	EndGlobalSection
	GlobalSection(ProjectConfigurationPlatforms) = postSolution
		{61D4A99F-7DF0-4B10-B2F8-DF5F2F246ACB}.Debug|Any CPU.ActiveCfg = Debug|Any CPU
		{61D4A99F-7DF0-4B10-B2F8-DF5F2F246ACB}.Release|Any CPU.ActiveCfg = Release|Any CPU
	EndGlobalSection
	GlobalSection(SolutionProperties) = preSolution
		HideSolutionNode = FALSE
	EndGlobalSection
	GlobalSection(ExtensibilityGlobals) = postSolution
		SolutionGuid = {2C934EEF-A634-48BB-A83C-4E53A4E92AAC}
	EndGlobalSection
EndGlobal
