
Microsoft Visual Studio Solution File, Format Version 12.00
# Visual Studio 15
VisualStudioVersion = 15.0.26730.16
MinimumVisualStudioVersion = 10.0.40219.1
Project("{888888A0-9F3D-457C-B088-3A5042F75D52}") = "potencia", "potencia\potencia.pyproj", "{AB4DB6F5-7861-44FD-8A48-B97F1258AEFE}"
EndProject
Global
	GlobalSection(SolutionConfigurationPlatforms) = preSolution
		Debug|Any CPU = Debug|Any CPU
		Release|Any CPU = Release|Any CPU
	EndGlobalSection
	GlobalSection(ProjectConfigurationPlatforms) = postSolution
		{AB4DB6F5-7861-44FD-8A48-B97F1258AEFE}.Debug|Any CPU.ActiveCfg = Debug|Any CPU
		{AB4DB6F5-7861-44FD-8A48-B97F1258AEFE}.Release|Any CPU.ActiveCfg = Release|Any CPU
	EndGlobalSection
	GlobalSection(SolutionProperties) = preSolution
		HideSolutionNode = FALSE
	EndGlobalSection
	GlobalSection(ExtensibilityGlobals) = postSolution
		SolutionGuid = {674A202E-B94D-4C18-A39F-DE1804244096}
	EndGlobalSection
EndGlobal
