
Microsoft Visual Studio Solution File, Format Version 12.00
# Visual Studio 15
VisualStudioVersion = 15.0.26730.16
MinimumVisualStudioVersion = 10.0.40219.1
Project("{888888A0-9F3D-457C-B088-3A5042F75D52}") = "fac_recursivo", "fac_recursivo\fac_recursivo.pyproj", "{A7216486-23F5-4982-A978-FF2283BB6F49}"
EndProject
Global
	GlobalSection(SolutionConfigurationPlatforms) = preSolution
		Debug|Any CPU = Debug|Any CPU
		Release|Any CPU = Release|Any CPU
	EndGlobalSection
	GlobalSection(ProjectConfigurationPlatforms) = postSolution
		{A7216486-23F5-4982-A978-FF2283BB6F49}.Debug|Any CPU.ActiveCfg = Debug|Any CPU
		{A7216486-23F5-4982-A978-FF2283BB6F49}.Release|Any CPU.ActiveCfg = Release|Any CPU
	EndGlobalSection
	GlobalSection(SolutionProperties) = preSolution
		HideSolutionNode = FALSE
	EndGlobalSection
	GlobalSection(ExtensibilityGlobals) = postSolution
		SolutionGuid = {A3E984B9-930E-44CC-A9EF-D0A90053D5E1}
	EndGlobalSection
EndGlobal
