
Microsoft Visual Studio Solution File, Format Version 12.00
# Visual Studio 15
VisualStudioVersion = 15.0.27004.2005
MinimumVisualStudioVersion = 10.0.40219.1
Project("{888888A0-9F3D-457C-B088-3A5042F75D52}") = "koch", "koch\koch.pyproj", "{FF533BDA-A67E-4E09-A117-6C3738D775E6}"
EndProject
Global
	GlobalSection(SolutionConfigurationPlatforms) = preSolution
		Debug|Any CPU = Debug|Any CPU
		Release|Any CPU = Release|Any CPU
	EndGlobalSection
	GlobalSection(ProjectConfigurationPlatforms) = postSolution
		{FF533BDA-A67E-4E09-A117-6C3738D775E6}.Debug|Any CPU.ActiveCfg = Debug|Any CPU
		{FF533BDA-A67E-4E09-A117-6C3738D775E6}.Release|Any CPU.ActiveCfg = Release|Any CPU
	EndGlobalSection
	GlobalSection(SolutionProperties) = preSolution
		HideSolutionNode = FALSE
	EndGlobalSection
	GlobalSection(ExtensibilityGlobals) = postSolution
		SolutionGuid = {7AB93229-35E1-425E-B5D8-0BE50FC0B152}
	EndGlobalSection
EndGlobal
