
Microsoft Visual Studio Solution File, Format Version 12.00
# Visual Studio 15
VisualStudioVersion = 15.0.26730.16
MinimumVisualStudioVersion = 10.0.40219.1
Project("{888888A0-9F3D-457C-B088-3A5042F75D52}") = "estrella", "estrella\estrella.pyproj", "{FF7047FA-83FA-4DE3-A6FC-746CBB05ED66}"
EndProject
Global
	GlobalSection(SolutionConfigurationPlatforms) = preSolution
		Debug|Any CPU = Debug|Any CPU
		Release|Any CPU = Release|Any CPU
	EndGlobalSection
	GlobalSection(ProjectConfigurationPlatforms) = postSolution
		{FF7047FA-83FA-4DE3-A6FC-746CBB05ED66}.Debug|Any CPU.ActiveCfg = Debug|Any CPU
		{FF7047FA-83FA-4DE3-A6FC-746CBB05ED66}.Release|Any CPU.ActiveCfg = Release|Any CPU
	EndGlobalSection
	GlobalSection(SolutionProperties) = preSolution
		HideSolutionNode = FALSE
	EndGlobalSection
	GlobalSection(ExtensibilityGlobals) = postSolution
		SolutionGuid = {E6A21C9C-7DF1-4F10-80B0-F8A4C3B6DC5A}
	EndGlobalSection
EndGlobal
