
Microsoft Visual Studio Solution File, Format Version 12.00
# Visual Studio 15
VisualStudioVersion = 15.0.26730.16
MinimumVisualStudioVersion = 10.0.40219.1
Project("{888888A0-9F3D-457C-B088-3A5042F75D52}") = "start_combine", "start_combine\start_combine.pyproj", "{4CB617E5-25AB-4D03-8410-1FF49A6A9940}"
EndProject
Global
	GlobalSection(SolutionConfigurationPlatforms) = preSolution
		Debug|Any CPU = Debug|Any CPU
		Release|Any CPU = Release|Any CPU
	EndGlobalSection
	GlobalSection(ProjectConfigurationPlatforms) = postSolution
		{4CB617E5-25AB-4D03-8410-1FF49A6A9940}.Debug|Any CPU.ActiveCfg = Debug|Any CPU
		{4CB617E5-25AB-4D03-8410-1FF49A6A9940}.Release|Any CPU.ActiveCfg = Release|Any CPU
	EndGlobalSection
	GlobalSection(SolutionProperties) = preSolution
		HideSolutionNode = FALSE
	EndGlobalSection
	GlobalSection(ExtensibilityGlobals) = postSolution
		SolutionGuid = {5AE0428E-DA80-4401-B1FF-2FBD2F0FA8ED}
	EndGlobalSection
EndGlobal
