
Microsoft Visual Studio Solution File, Format Version 12.00
# Visual Studio 15
VisualStudioVersion = 15.0.26730.16
MinimumVisualStudioVersion = 10.0.40219.1
Project("{888888A0-9F3D-457C-B088-3A5042F75D52}") = "SMSartbeatprojects", "SMSartbeatprojects\SMSartbeatprojects.pyproj", "{500033B6-618B-49D2-8A44-1A0E9BE64C42}"
EndProject
Global
	GlobalSection(SolutionConfigurationPlatforms) = preSolution
		Debug|Any CPU = Debug|Any CPU
		Release|Any CPU = Release|Any CPU
	EndGlobalSection
	GlobalSection(ProjectConfigurationPlatforms) = postSolution
		{500033B6-618B-49D2-8A44-1A0E9BE64C42}.Debug|Any CPU.ActiveCfg = Debug|Any CPU
		{500033B6-618B-49D2-8A44-1A0E9BE64C42}.Release|Any CPU.ActiveCfg = Release|Any CPU
	EndGlobalSection
	GlobalSection(SolutionProperties) = preSolution
		HideSolutionNode = FALSE
	EndGlobalSection
	GlobalSection(ExtensibilityGlobals) = postSolution
		SolutionGuid = {8E16CFA4-E1F3-47EF-83AB-2FC791C27EF5}
	EndGlobalSection
EndGlobal
