
Microsoft Visual Studio Solution File, Format Version 12.00
# Visual Studio 15
VisualStudioVersion = 15.0.26730.16
MinimumVisualStudioVersion = 10.0.40219.1
Project("{888888A0-9F3D-457C-B088-3A5042F75D52}") = "pastel", "pastel\pastel.pyproj", "{60E27743-FD47-4F84-A188-BCDC8D0F5E4C}"
EndProject
Global
	GlobalSection(SolutionConfigurationPlatforms) = preSolution
		Debug|Any CPU = Debug|Any CPU
		Release|Any CPU = Release|Any CPU
	EndGlobalSection
	GlobalSection(ProjectConfigurationPlatforms) = postSolution
		{60E27743-FD47-4F84-A188-BCDC8D0F5E4C}.Debug|Any CPU.ActiveCfg = Debug|Any CPU
		{60E27743-FD47-4F84-A188-BCDC8D0F5E4C}.Release|Any CPU.ActiveCfg = Release|Any CPU
	EndGlobalSection
	GlobalSection(SolutionProperties) = preSolution
		HideSolutionNode = FALSE
	EndGlobalSection
	GlobalSection(ExtensibilityGlobals) = postSolution
		SolutionGuid = {438D00C5-8A60-47A7-9D78-590C30A30C48}
	EndGlobalSection
EndGlobal
