
Microsoft Visual Studio Solution File, Format Version 12.00
# Visual Studio 15
VisualStudioVersion = 15.0.26730.16
MinimumVisualStudioVersion = 10.0.40219.1
Project("{888888A0-9F3D-457C-B088-3A5042F75D52}") = "simple_and_compound_interest", "simple_and_compound_interest\simple_and_compound_interest.pyproj", "{78AF9D51-23D3-4DC0-AA60-833AC3020702}"
EndProject
Global
	GlobalSection(SolutionConfigurationPlatforms) = preSolution
		Debug|Any CPU = Debug|Any CPU
		Release|Any CPU = Release|Any CPU
	EndGlobalSection
	GlobalSection(ProjectConfigurationPlatforms) = postSolution
		{78AF9D51-23D3-4DC0-AA60-833AC3020702}.Debug|Any CPU.ActiveCfg = Debug|Any CPU
		{78AF9D51-23D3-4DC0-AA60-833AC3020702}.Release|Any CPU.ActiveCfg = Release|Any CPU
	EndGlobalSection
	GlobalSection(SolutionProperties) = preSolution
		HideSolutionNode = FALSE
	EndGlobalSection
	GlobalSection(ExtensibilityGlobals) = postSolution
		SolutionGuid = {6976BAAB-DE90-4223-8240-0747E062BED9}
	EndGlobalSection
EndGlobal
