
Microsoft Visual Studio Solution File, Format Version 12.00
# Visual Studio 15
VisualStudioVersion = 15.0.26730.16
MinimumVisualStudioVersion = 10.0.40219.1
Project("{888888A0-9F3D-457C-B088-3A5042F75D52}") = "chai", "chai\chai.pyproj", "{B863F86C-5B51-485B-88B9-9AF637492D6B}"
EndProject
Global
	GlobalSection(SolutionConfigurationPlatforms) = preSolution
		Debug|Any CPU = Debug|Any CPU
		Release|Any CPU = Release|Any CPU
	EndGlobalSection
	GlobalSection(ProjectConfigurationPlatforms) = postSolution
		{B863F86C-5B51-485B-88B9-9AF637492D6B}.Debug|Any CPU.ActiveCfg = Debug|Any CPU
		{B863F86C-5B51-485B-88B9-9AF637492D6B}.Release|Any CPU.ActiveCfg = Release|Any CPU
	EndGlobalSection
	GlobalSection(SolutionProperties) = preSolution
		HideSolutionNode = FALSE
	EndGlobalSection
	GlobalSection(ExtensibilityGlobals) = postSolution
		SolutionGuid = {8DA43C1F-1341-4321-9D07-48A02E17C27D}
	EndGlobalSection
EndGlobal
