
Microsoft Visual Studio Solution File, Format Version 12.00
# Visual Studio 15
VisualStudioVersion = 15.0.26730.16
MinimumVisualStudioVersion = 10.0.40219.1
Project("{888888A0-9F3D-457C-B088-3A5042F75D52}") = "3dprojectil", "3dprojectil\3dprojectil.pyproj", "{3644AB4A-7E15-4029-956F-A3460EAEBA39}"
EndProject
Global
	GlobalSection(SolutionConfigurationPlatforms) = preSolution
		Debug|Any CPU = Debug|Any CPU
		Release|Any CPU = Release|Any CPU
	EndGlobalSection
	GlobalSection(ProjectConfigurationPlatforms) = postSolution
		{3644AB4A-7E15-4029-956F-A3460EAEBA39}.Debug|Any CPU.ActiveCfg = Debug|Any CPU
		{3644AB4A-7E15-4029-956F-A3460EAEBA39}.Release|Any CPU.ActiveCfg = Release|Any CPU
	EndGlobalSection
	GlobalSection(SolutionProperties) = preSolution
		HideSolutionNode = FALSE
	EndGlobalSection
	GlobalSection(ExtensibilityGlobals) = postSolution
		SolutionGuid = {943FE645-5AFF-49F3-92F9-C0288255A626}
	EndGlobalSection
EndGlobal
