
Microsoft Visual Studio Solution File, Format Version 12.00
# Visual Studio 15
VisualStudioVersion = 15.0.27004.2005
MinimumVisualStudioVersion = 10.0.40219.1
Project("{888888A0-9F3D-457C-B088-3A5042F75D52}") = "Gui_tk_app", "Gui_tk_app\Gui_tk_app.pyproj", "{666E5C43-4A70-4770-94CB-C035F0A0C93C}"
EndProject
Global
	GlobalSection(SolutionConfigurationPlatforms) = preSolution
		Debug|Any CPU = Debug|Any CPU
		Release|Any CPU = Release|Any CPU
	EndGlobalSection
	GlobalSection(ProjectConfigurationPlatforms) = postSolution
		{666E5C43-4A70-4770-94CB-C035F0A0C93C}.Debug|Any CPU.ActiveCfg = Debug|Any CPU
		{666E5C43-4A70-4770-94CB-C035F0A0C93C}.Release|Any CPU.ActiveCfg = Release|Any CPU
	EndGlobalSection
	GlobalSection(SolutionProperties) = preSolution
		HideSolutionNode = FALSE
	EndGlobalSection
	GlobalSection(ExtensibilityGlobals) = postSolution
		SolutionGuid = {032C87C7-4A08-42A6-99A8-8254E64B8C55}
	EndGlobalSection
EndGlobal
